<?xml version="1.0" encoding="UTF-8"?>
<Scheme
   LastUpgradeVersion = "0730"
   version = "1.3">
   <BuildAction
      parallelizeBuildables = "YES"
      buildImplicitDependencies = "YES">
      <BuildActionEntries>
         <BuildActionEntry
            buildForTesting = "YES"
            buildForRunning = "YES"
            buildForProfiling = "YES"
            buildForArchiving = "YES"
            buildForAnalyzing = "YES">
            <BuildableReference
               BuildableIdentifier = "primary"
               BlueprintIdentifier = "636D51301D2CFEE7009DB9B1"
               BuildableName = "&#x6e10;&#x53d8;Navgation.app"
               BlueprintName = "&#x6e10;&#x53d8;Navgation"
               ReferencedContainer = "container:&#x6e10;&#x53d8;Navgation.xcodeproj">
            </BuildableReference>
         </BuildActionEntry>
      </BuildActionEntries>
   </BuildAction>
   <TestAction
      buildConfiguration = "Debug"
      selectedDebuggerIdentifier = "Xcode.DebuggerFoundation.Debugger.LLDB"
      selectedLauncherIdentifier = "Xcode.DebuggerFoundation.Launcher.LLDB"
      shouldUseLaunchSchemeArgsEnv = "YES">
      <Testables>
         <TestableReference
            skipped = "NO">
            <BuildableReference
               BuildableIdentifier = "primary"
               BlueprintIdentifier = "636D51491D2CFEE8009DB9B1"
               BuildableName = "&#x6e10;&#x53d8;NavgationTests.xctest"
               BlueprintName = "&#x6e10;&#x53d8;NavgationTests"
               ReferencedContainer = "container:&#x6e10;&#x53d8;Navgation.xcodeproj">
            </BuildableReference>
         </TestableReference>
         <TestableReference
            skipped = "NO">
            <BuildableReference
               BuildableIdentifier = "primary"
               BlueprintIdentifier = "636D51541D2CFEE8009DB9B1"
               BuildableName = "&#x6e10;&#x53d8;NavgationUITests.xctest"
               BlueprintName = "&#x6e10;&#x53d8;NavgationUITests"
               ReferencedContainer = "container:&#x6e10;&#x53d8;Navgation.xcodeproj">
            </BuildableReference>
         </TestableReference>
      </Testables>
      <MacroExpansion>
         <BuildableReference
            BuildableIdentifier = "primary"
            BlueprintIdentifier = "636D51301D2CFEE7009DB9B1"
            BuildableName = "&#x6e10;&#x53d8;Navgation.app"
            BlueprintName = "&#x6e10;&#x53d8;Navgation"
            ReferencedContainer = "container:&#x6e10;&#x53d8;Navgation.xcodeproj">
         </BuildableReference>
      </MacroExpansion>
      <AdditionalOptions>
      </AdditionalOptions>
   </TestAction>
   <LaunchAction
      buildConfiguration = "Debug"
      selectedDebuggerIdentifier = "Xcode.DebuggerFoundation.Debugger.LLDB"
      selectedLauncherIdentifier = "Xcode.DebuggerFoundation.Launcher.LLDB"
      launchStyle = "0"
      useCustomWorkingDirectory = "NO"
      ignoresPersistentStateOnLaunch = "NO"
      debugDocumentVersioning = "YES"
      debugServiceExtension = "internal"
      allowLocationSimulation = "YES">
      <BuildableProductRunnable
         runnableDebuggingMode = "0">
         <BuildableReference
            BuildableIdentifier = "primary"
            BlueprintIdentifier = "636D51301D2CFEE7009DB9B1"
            BuildableName = "&#x6e10;&#x53d8;Navgation.app"
            BlueprintName = "&#x6e10;&#x53d8;Navgation"
            ReferencedContainer = "container:&#x6e10;&#x53d8;Navgation.xcodeproj">
         </BuildableReference>
      </BuildableProductRunnable>
      <AdditionalOptions>
      </AdditionalOptions>
   </LaunchAction>
   <ProfileAction
      buildConfiguration = "Release"
      shouldUseLaunchSchemeArgsEnv = "YES"
      savedToolIdentifier = ""
      useCustomWorkingDirectory = "NO"
      debugDocumentVersioning = "YES">
      <BuildableProductRunnable
         runnableDebuggingMode = "0">
         <BuildableReference
            BuildableIdentifier = "primary"
            BlueprintIdentifier = "636D51301D2CFEE7009DB9B1"
            BuildableName = "&#x6e10;&#x53d8;Navgation.app"
            BlueprintName = "&#x6e10;&#x53d8;Navgation"
            ReferencedContainer = "container:&#x6e10;&#x53d8;Navgation.xcodeproj">
         </BuildableReference>
      </BuildableProductRunnable>
   </ProfileAction>
   <AnalyzeAction
      buildConfiguration = "Debug">
   </AnalyzeAction>
   <ArchiveAction
      buildConfiguration = "Release"
      revealArchiveInOrganizer = "YES">
   </ArchiveAction>
</Scheme>
